// !$*UTF8*$!
{
	archiveVersion = 1;
	classes = {
	};
	objectVersion = 77;
	objects = {

/* Begin PBXBuildFile section */
		CC0000090000000000000012 /* Sparkle in Frameworks */ = {isa = PBXBuildFile; productRef = CC0000080000000000000011 /* Sparkle */; };
/* End PBXBuildFile section */

/* Begin PBXContainerItemProxy section */
		98DB29482F848910009FA245 /* PBXContainerItemProxy */ = {
			isa = PBXContainerItemProxy;
			containerPortal = 98DB29322F84890F009FA245 /* Project object */;
			proxyType = 1;
			remoteGlobalIDString = 98DB29392F84890F009FA245;
			remoteInfo = ccui;
		};
		98DB29522F848910009FA245 /* PBXContainerItemProxy */ = {
			isa = PBXContainerItemProxy;
			containerPortal = 98DB29322F84890F009FA245 /* Project object */;
			proxyType = 1;
			remoteGlobalIDString = 98DB29392F84890F009FA245;
			remoteInfo = ccui;
		};
/* End PBXContainerItemProxy section */

/* Begin PBXFileReference section */
		98DB293A2F84890F009FA245 /* ccui.app */ = {isa = PBXFileReference; explicitFileType = wrapper.application; includeInIndex = 0; path = ccui.app; sourceTree = BUILT_PRODUCTS_DIR; };
		98DB29472F848910009FA245 /* ccuiTests.xctest */ = {isa = PBXFileReference; explicitFileType = wrapper.cfbundle; includeInIndex = 0; path = ccuiTests.xctest; sourceTree = BUILT_PRODUCTS_DIR; };
		98DB29512F848910009FA245 /* ccuiUITests.xctest */ = {isa = PBXFileReference; explicitFileType = wrapper.cfbundle; includeInIndex = 0; path = ccuiUITests.xctest; sourceTree = BUILT_PRODUCTS_DIR; };
/* End PBXFileReference section */

/* Begin PBXFileSystemSynchronizedRootGroup section */
		98DB293C2F84890F009FA245 /* ccui */ = {
			isa = PBXFileSystemSynchronizedRootGroup;
			path = ccui;
			sourceTree = "<group>";
		};
		98DB294A2F848910009FA245 /* ccuiTests */ = {
			isa = PBXFileSystemSynchronizedRootGroup;
			path = ccuiTests;
			sourceTree = "<group>";
		};
		98DB29542F848910009FA245 /* ccuiUITests */ = {
			isa = PBXFileSystemSynchronizedRootGroup;
			path = ccuiUITests;
			sourceTree = "<group>";
		};
/* End PBXFileSystemSynchronizedRootGroup section */

/* Begin PBXFrameworksBuildPhase section */
		98DB29372F84890F009FA245 /* Frameworks */ = {
			isa = PBXFrameworksBuildPhase;
			buildActionMask = 2147483647;
			files = (
				CC0000090000000000000012 /* Sparkle in Frameworks */,
			);
			runOnlyForDeploymentPostprocessing = 0;
		};
		98DB29442F848910009FA245 /* Frameworks */ = {
			isa = PBXFrameworksBuildPhase;
			buildActionMask = 2147483647;
			files = (
			);
			runOnlyForDeploymentPostprocessing = 0;
		};
		98DB294E2F848910009FA245 /* Frameworks */ = {
			isa = PBXFrameworksBuildPhase;
			buildActionMask = 2147483647;
			files = (
			);
			runOnlyForDeploymentPostprocessing = 0;
		};
/* End PBXFrameworksBuildPhase section */

/* Begin PBXGroup section */
		98DB29312F84890F009FA245 = {
			isa = PBXGroup;
			children = (
				98DB293C2F84890F009FA245 /* ccui */,
				98DB294A2F848910009FA245 /* ccuiTests */,
				98DB29542F848910009FA245 /* ccuiUITests */,
				98DB293B2F84890F009FA245 /* Products */,
			);
			sourceTree = "<group>";
		};
		98DB293B2F84890F009FA245 /* Products */ = {
			isa = PBXGroup;
			children = (
				98DB293A2F84890F009FA245 /* ccui.app */,
				98DB29472F848910009FA245 /* ccuiTests.xctest */,
				98DB29512F848910009FA245 /* ccuiUITests.xctest */,
			);
			name = Products;
			sourceTree = "<group>";
		};
/* End PBXGroup section */

/* Begin PBXNativeTarget section */
		98DB29392F84890F009FA245 /* ccui */ = {
			isa = PBXNativeTarget;
			buildConfigurationList = 98DB295B2F848910009FA245 /* Build configuration list for PBXNativeTarget "ccui" */;
			buildPhases = (
				98DB29362F84890F009FA245 /* Sources */,
				98DB29372F84890F009FA245 /* Frameworks */,
				98DB29382F84890F009FA245 /* Resources */,
				CC00000A0000000000000013 /* Add Sparkle Info.plist Keys */,
			);
			buildRules = (
			);
			dependencies = (
			);
			fileSystemSynchronizedGroups = (
				98DB293C2F84890F009FA245 /* ccui */,
			);
			name = ccui;
			packageProductDependencies = (
				CC000002000000000000000B /* SwiftTerm */,
				CC000004000000000000000D /* CodeEditSourceEditor */,
				CC000005000000000000000E /* CodeEditLanguages */,
				CC0000080000000000000011 /* Sparkle */,
			);
			productName = ccui;
			productReference = 98DB293A2F84890F009FA245 /* ccui.app */;
			productType = "com.apple.product-type.application";
		};
		98DB29462F848910009FA245 /* ccuiTests */ = {
			isa = PBXNativeTarget;
			buildConfigurationList = 98DB295E2F848910009FA245 /* Build configuration list for PBXNativeTarget "ccuiTests" */;
			buildPhases = (
				98DB29432F848910009FA245 /* Sources */,
				98DB29442F848910009FA245 /* Frameworks */,
				98DB29452F848910009FA245 /* Resources */,
			);
			buildRules = (
			);
			dependencies = (
				98DB29492F848910009FA245 /* PBXTargetDependency */,
			);
			fileSystemSynchronizedGroups = (
				98DB294A2F848910009FA245 /* ccuiTests */,
			);
			name = ccuiTests;
			packageProductDependencies = (
			);
			productName = ccuiTests;
			productReference = 98DB29472F848910009FA245 /* ccuiTests.xctest */;
			productType = "com.apple.product-type.bundle.unit-test";
		};
		98DB29502F848910009FA245 /* ccuiUITests */ = {
			isa = PBXNativeTarget;
			buildConfigurationList = 98DB29612F848910009FA245 /* Build configuration list for PBXNativeTarget "ccuiUITests" */;
			buildPhases = (
				98DB294D2F848910009FA245 /* Sources */,
				98DB294E2F848910009FA245 /* Frameworks */,
				98DB294F2F848910009FA245 /* Resources */,
			);
			buildRules = (
			);
			dependencies = (
				98DB29532F848910009FA245 /* PBXTargetDependency */,
			);
			fileSystemSynchronizedGroups = (
				98DB29542F848910009FA245 /* ccuiUITests */,
			);
			name = ccuiUITests;
			packageProductDependencies = (
			);
			productName = ccuiUITests;
			productReference = 98DB29512F848910009FA245 /* ccuiUITests.xctest */;
			productType = "com.apple.product-type.bundle.ui-testing";
		};
/* End PBXNativeTarget section */

/* Begin PBXProject section */
		98DB29322F84890F009FA245 /* Project object */ = {
			isa = PBXProject;
			attributes = {
				BuildIndependentTargetsInParallel = 1;
				LastSwiftUpdateCheck = 2630;
				LastUpgradeCheck = 2630;
				TargetAttributes = {
					98DB29392F84890F009FA245 = {
						CreatedOnToolsVersion = 26.3;
					};
					98DB29462F848910009FA245 = {
						CreatedOnToolsVersion = 26.3;
						TestTargetID = 98DB29392F84890F009FA245;
					};
					98DB29502F848910009FA245 = {
						CreatedOnToolsVersion = 26.3;
						TestTargetID = 98DB29392F84890F009FA245;
					};
				};
			};
			buildConfigurationList = 98DB29352F84890F009FA245 /* Build configuration list for PBXProject "ccui" */;
			developmentRegion = en;
			hasScannedForEncodings = 0;
			knownRegions = (
				en,
				Base,
			);
			mainGroup = 98DB29312F84890F009FA245;
			minimizedProjectReferenceProxies = 1;
			preferredProjectObjectVersion = 77;
			productRefGroup = 98DB293B2F84890F009FA245 /* Products */;
			packageReferences = (
				CC000001000000000000000A /* XCRemoteSwiftPackageReference "SwiftTerm" */,
				CC000003000000000000000C /* XCRemoteSwiftPackageReference "CodeEditSourceEditor" */,
				CC000006000000000000000F /* XCRemoteSwiftPackageReference "CodeEditLanguages" */,
				CC0000070000000000000010 /* XCRemoteSwiftPackageReference "Sparkle" */,
			);
			projectDirPath = "";
			projectRoot = "";
			targets = (
				98DB29392F84890F009FA245 /* ccui */,
				98DB29462F848910009FA245 /* ccuiTests */,
				98DB29502F848910009FA245 /* ccuiUITests */,
			);
		};
/* End PBXProject section */

/* Begin PBXResourcesBuildPhase section */
		98DB29382F84890F009FA245 /* Resources */ = {
			isa = PBXResourcesBuildPhase;
			buildActionMask = 2147483647;
			files = (
			);
			runOnlyForDeploymentPostprocessing = 0;
		};
		98DB29452F848910009FA245 /* Resources */ = {
			isa = PBXResourcesBuildPhase;
			buildActionMask = 2147483647;
			files = (
			);
			runOnlyForDeploymentPostprocessing = 0;
		};
		98DB294F2F848910009FA245 /* Resources */ = {
			isa = PBXResourcesBuildPhase;
			buildActionMask = 2147483647;
			files = (
			);
			runOnlyForDeploymentPostprocessing = 0;
		};
/* End PBXResourcesBuildPhase section */

/* Begin PBXShellScriptBuildPhase section */
		CC00000A0000000000000013 /* Add Sparkle Info.plist Keys */ = {
			isa = PBXShellScriptBuildPhase;
			buildActionMask = 2147483647;
			files = (
			);
			inputPaths = (
				"$(CODESIGNING_FOLDER_PATH)/Contents/Info.plist",
			);
			name = "Add Sparkle Info.plist Keys";
			outputPaths = (
			);
			runOnlyForDeploymentPostprocessing = 0;
			shellPath = /bin/sh;
			shellScript = "set -e\nif [ \"${CONFIGURATION}\" != \"Release\" ]; then\n  exit 0\nfi\nPLIST=\"${CODESIGNING_FOLDER_PATH}/Contents/Info.plist\"\nif [ ! -f \"$PLIST\" ]; then\n  exit 0\nfi\nPB=/usr/libexec/PlistBuddy\n\"$PB\" -c \"Delete :SUFeedURL\" \"$PLIST\" 2>/dev/null || true\n\"$PB\" -c \"Add :SUFeedURL string https://yuta24.github.io/ccui/appcast.xml\" \"$PLIST\"\n\"$PB\" -c \"Delete :SUEnableAutomaticChecks\" \"$PLIST\" 2>/dev/null || true\n\"$PB\" -c \"Add :SUEnableAutomaticChecks bool true\" \"$PLIST\"\n\"$PB\" -c \"Delete :SUScheduledCheckInterval\" \"$PLIST\" 2>/dev/null || true\n\"$PB\" -c \"Add :SUScheduledCheckInterval integer 86400\" \"$PLIST\"\n\"$PB\" -c \"Delete :SUPublicEDKey\" \"$PLIST\" 2>/dev/null || true\n\"$PB\" -c \"Add :SUPublicEDKey string ${SPARKLE_PUBLIC_ED_KEY}\" \"$PLIST\"\n";
		};
/* End PBXShellScriptBuildPhase section */

/* Begin PBXSourcesBuildPhase section */
		98DB29362F84890F009FA245 /* Sources */ = {
			isa = PBXSourcesBuildPhase;
			buildActionMask = 2147483647;
			files = (
			);
			runOnlyForDeploymentPostprocessing = 0;
		};
		98DB29432F848910009FA245 /* Sources */ = {
			isa = PBXSourcesBuildPhase;
			buildActionMask = 2147483647;
			files = (
			);
			runOnlyForDeploymentPostprocessing = 0;
		};
		98DB294D2F848910009FA245 /* Sources */ = {
			isa = PBXSourcesBuildPhase;
			buildActionMask = 2147483647;
			files = (
			);
			runOnlyForDeploymentPostprocessing = 0;
		};
/* End PBXSourcesBuildPhase section */

/* Begin PBXTargetDependency section */
		98DB29492F848910009FA245 /* PBXTargetDependency */ = {
			isa = PBXTargetDependency;
			target = 98DB29392F84890F009FA245 /* ccui */;
			targetProxy = 98DB29482F848910009FA245 /* PBXContainerItemProxy */;
		};
		98DB29532F848910009FA245 /* PBXTargetDependency */ = {
			isa = PBXTargetDependency;
			target = 98DB29392F84890F009FA245 /* ccui */;
			targetProxy = 98DB29522F848910009FA245 /* PBXContainerItemProxy */;
		};
/* End PBXTargetDependency section */

/* Begin XCBuildConfiguration section */
		98DB29592F848910009FA245 /* Debug */ = {
			isa = XCBuildConfiguration;
			buildSettings = {
				ALWAYS_SEARCH_USER_PATHS = NO;
				ASSETCATALOG_COMPILER_GENERATE_SWIFT_ASSET_SYMBOL_EXTENSIONS = YES;
				CLANG_ANALYZER_NONNULL = YES;
				CLANG_ANALYZER_NUMBER_OBJECT_CONVERSION = YES_AGGRESSIVE;
				CLANG_CXX_LANGUAGE_STANDARD = "gnu++20";
				CLANG_ENABLE_MODULES = YES;
				CLANG_ENABLE_OBJC_ARC = YES;
				CLANG_ENABLE_OBJC_WEAK = YES;
				CLANG_WARN_BLOCK_CAPTURE_AUTORELEASING = YES;
				CLANG_WARN_BOOL_CONVERSION = YES;
				CLANG_WARN_COMMA = YES;
				CLANG_WARN_CONSTANT_CONVERSION = YES;
				CLANG_WARN_DEPRECATED_OBJC_IMPLEMENTATIONS = YES;
				CLANG_WARN_DIRECT_OBJC_ISA_USAGE = YES_ERROR;
				CLANG_WARN_DOCUMENTATION_COMMENTS = YES;
				CLANG_WARN_EMPTY_BODY = YES;
				CLANG_WARN_ENUM_CONVERSION = YES;
				CLANG_WARN_INFINITE_RECURSION = YES;
				CLANG_WARN_INT_CONVERSION = YES;
				CLANG_WARN_NON_LITERAL_NULL_CONVERSION = YES;
				CLANG_WARN_OBJC_IMPLICIT_RETAIN_SELF = YES;
				CLANG_WARN_OBJC_LITERAL_CONVERSION = YES;
				CLANG_WARN_OBJC_ROOT_CLASS = YES_ERROR;
				CLANG_WARN_QUOTED_INCLUDE_IN_FRAMEWORK_HEADER = YES;
				CLANG_WARN_RANGE_LOOP_ANALYSIS = YES;
				CLANG_WARN_STRICT_PROTOTYPES = YES;
				CLANG_WARN_SUSPICIOUS_MOVE = YES;
				CLANG_WARN_UNGUARDED_AVAILABILITY = YES_AGGRESSIVE;
				CLANG_WARN_UNREACHABLE_CODE = YES;
				CLANG_WARN__DUPLICATE_METHOD_MATCH = YES;
				COPY_PHASE_STRIP = NO;
				DEBUG_INFORMATION_FORMAT = dwarf;
				DEVELOPMENT_TEAM = PS98BD6732;
				ENABLE_STRICT_OBJC_MSGSEND = YES;
				ENABLE_TESTABILITY = YES;
				ENABLE_USER_SCRIPT_SANDBOXING = YES;
				GCC_C_LANGUAGE_STANDARD = gnu17;
				GCC_DYNAMIC_NO_PIC = NO;
				GCC_NO_COMMON_BLOCKS = YES;
				GCC_OPTIMIZATION_LEVEL = 0;
				GCC_PREPROCESSOR_DEFINITIONS = (
					"DEBUG=1",
					"$(inherited)",
				);
				GCC_WARN_64_TO_32_BIT_CONVERSION = YES;
				GCC_WARN_ABOUT_RETURN_TYPE = YES_ERROR;
				GCC_WARN_UNDECLARED_SELECTOR = YES;
				GCC_WARN_UNINITIALIZED_AUTOS = YES_AGGRESSIVE;
				GCC_WARN_UNUSED_FUNCTION = YES;
				GCC_WARN_UNUSED_VARIABLE = YES;
				LOCALIZATION_PREFERS_STRING_CATALOGS = YES;
				MACOSX_DEPLOYMENT_TARGET = 26.2;
				MTL_ENABLE_DEBUG_INFO = INCLUDE_SOURCE;
				MTL_FAST_MATH = YES;
				ONLY_ACTIVE_ARCH = YES;
				SDKROOT = macosx;
				SWIFT_ACTIVE_COMPILATION_CONDITIONS = "DEBUG $(inherited)";
				SWIFT_OPTIMIZATION_LEVEL = "-Onone";
			};
			name = Debug;
		};
		98DB295A2F848910009FA245 /* Release */ = {
			isa = XCBuildConfiguration;
			buildSettings = {
				ALWAYS_SEARCH_USER_PATHS = NO;
				ASSETCATALOG_COMPILER_GENERATE_SWIFT_ASSET_SYMBOL_EXTENSIONS = YES;
				CLANG_ANALYZER_NONNULL = YES;
				CLANG_ANALYZER_NUMBER_OBJECT_CONVERSION = YES_AGGRESSIVE;
				CLANG_CXX_LANGUAGE_STANDARD = "gnu++20";
				CLANG_ENABLE_MODULES = YES;
				CLANG_ENABLE_OBJC_ARC = YES;
				CLANG_ENABLE_OBJC_WEAK = YES;
				CLANG_WARN_BLOCK_CAPTURE_AUTORELEASING = YES;
				CLANG_WARN_BOOL_CONVERSION = YES;
				CLANG_WARN_COMMA = YES;
				CLANG_WARN_CONSTANT_CONVERSION = YES;
				CLANG_WARN_DEPRECATED_OBJC_IMPLEMENTATIONS = YES;
				CLANG_WARN_DIRECT_OBJC_ISA_USAGE = YES_ERROR;
				CLANG_WARN_DOCUMENTATION_COMMENTS = YES;
				CLANG_WARN_EMPTY_BODY = YES;
				CLANG_WARN_ENUM_CONVERSION = YES;
				CLANG_WARN_INFINITE_RECURSION = YES;
				CLANG_WARN_INT_CONVERSION = YES;
				CLANG_WARN_NON_LITERAL_NULL_CONVERSION = YES;
				CLANG_WARN_OBJC_IMPLICIT_RETAIN_SELF = YES;
				CLANG_WARN_OBJC_LITERAL_CONVERSION = YES;
				CLANG_WARN_OBJC_ROOT_CLASS = YES_ERROR;
				CLANG_WARN_QUOTED_INCLUDE_IN_FRAMEWORK_HEADER = YES;
				CLANG_WARN_RANGE_LOOP_ANALYSIS = YES;
				CLANG_WARN_STRICT_PROTOTYPES = YES;
				CLANG_WARN_SUSPICIOUS_MOVE = YES;
				CLANG_WARN_UNGUARDED_AVAILABILITY = YES_AGGRESSIVE;
				CLANG_WARN_UNREACHABLE_CODE = YES;
				CLANG_WARN__DUPLICATE_METHOD_MATCH = YES;
				COPY_PHASE_STRIP = NO;
				DEBUG_INFORMATION_FORMAT = "dwarf-with-dsym";
				DEVELOPMENT_TEAM = PS98BD6732;
				ENABLE_NS_ASSERTIONS = NO;
				ENABLE_STRICT_OBJC_MSGSEND = YES;
				ENABLE_USER_SCRIPT_SANDBOXING = YES;
				GCC_C_LANGUAGE_STANDARD = gnu17;
				GCC_NO_COMMON_BLOCKS = YES;
				GCC_WARN_64_TO_32_BIT_CONVERSION = YES;
				GCC_WARN_ABOUT_RETURN_TYPE = YES_ERROR;
				GCC_WARN_UNDECLARED_SELECTOR = YES;
				GCC_WARN_UNINITIALIZED_AUTOS = YES_AGGRESSIVE;
				GCC_WARN_UNUSED_FUNCTION = YES;
				GCC_WARN_UNUSED_VARIABLE = YES;
				LOCALIZATION_PREFERS_STRING_CATALOGS = YES;
				MACOSX_DEPLOYMENT_TARGET = 26.2;
				MTL_ENABLE_DEBUG_INFO = NO;
				MTL_FAST_MATH = YES;
				SDKROOT = macosx;
				SWIFT_COMPILATION_MODE = wholemodule;
			};
			name = Release;
		};
		98DB295C2F848910009FA245 /* Debug */ = {
			isa = XCBuildConfiguration;
			buildSettings = {
				ASSETCATALOG_COMPILER_APPICON_NAME = AppIcon;
				ASSETCATALOG_COMPILER_GLOBAL_ACCENT_COLOR_NAME = AccentColor;
				CODE_SIGN_ENTITLEMENTS = ccui/ccui.entitlements;
				CODE_SIGN_STYLE = Automatic;
				COMBINE_HIDPI_IMAGES = YES;
				CURRENT_PROJECT_VERSION = 1;
				DEVELOPMENT_TEAM = PS98BD6732;
				ENABLE_APP_SANDBOX = NO;
				ENABLE_HARDENED_RUNTIME = YES;
				ENABLE_PREVIEWS = YES;
				GENERATE_INFOPLIST_FILE = YES;
				INFOPLIST_KEY_NSHumanReadableCopyright = "";
				LD_RUNPATH_SEARCH_PATHS = (
					"$(inherited)",
					"@executable_path/../Frameworks",
				);
				MARKETING_VERSION = 0.2.0;
				PRODUCT_BUNDLE_IDENTIFIER = com.bivre.ccui;
				PRODUCT_NAME = "$(TARGET_NAME)";
				REGISTER_APP_GROUPS = YES;
				STRING_CATALOG_GENERATE_SYMBOLS = YES;
				SWIFT_APPROACHABLE_CONCURRENCY = YES;
				SWIFT_DEFAULT_ACTOR_ISOLATION = MainActor;
				SWIFT_EMIT_LOC_STRINGS = YES;
				SWIFT_UPCOMING_FEATURE_MEMBER_IMPORT_VISIBILITY = YES;
				SWIFT_VERSION = 5.0;
			};
			name = Debug;
		};
		98DB295D2F848910009FA245 /* Release */ = {
			isa = XCBuildConfiguration;
			buildSettings = {
				ASSETCATALOG_COMPILER_APPICON_NAME = AppIcon;
				ASSETCATALOG_COMPILER_GLOBAL_ACCENT_COLOR_NAME = AccentColor;
				CODE_SIGN_ENTITLEMENTS = ccui/ccui.entitlements;
				CODE_SIGN_IDENTITY = "Developer ID Application";
				CODE_SIGN_STYLE = Automatic;
				COMBINE_HIDPI_IMAGES = YES;
				CURRENT_PROJECT_VERSION = 1;
				DEVELOPMENT_TEAM = PS98BD6732;
				ENABLE_APP_SANDBOX = NO;
				ENABLE_HARDENED_RUNTIME = YES;
				ENABLE_PREVIEWS = YES;
				ENABLE_USER_SCRIPT_SANDBOXING = NO;
				GENERATE_INFOPLIST_FILE = YES;
				INFOPLIST_KEY_NSHumanReadableCopyright = "";
				LD_RUNPATH_SEARCH_PATHS = (
					"$(inherited)",
					"@executable_path/../Frameworks",
				);
				MARKETING_VERSION = 0.2.0;
				PRODUCT_BUNDLE_IDENTIFIER = com.bivre.ccui;
				PRODUCT_NAME = "$(TARGET_NAME)";
				REGISTER_APP_GROUPS = YES;
				SPARKLE_PUBLIC_ED_KEY = "";
				STRING_CATALOG_GENERATE_SYMBOLS = YES;
				SWIFT_APPROACHABLE_CONCURRENCY = YES;
				SWIFT_DEFAULT_ACTOR_ISOLATION = MainActor;
				SWIFT_EMIT_LOC_STRINGS = YES;
				SWIFT_UPCOMING_FEATURE_MEMBER_IMPORT_VISIBILITY = YES;
				SWIFT_VERSION = 5.0;
			};
			name = Release;
		};
		98DB295F2F848910009FA245 /* Debug */ = {
			isa = XCBuildConfiguration;
			buildSettings = {
				BUNDLE_LOADER = "$(TEST_HOST)";
				CODE_SIGN_STYLE = Automatic;
				CURRENT_PROJECT_VERSION = 1;
				DEVELOPMENT_TEAM = PS98BD6732;
				GENERATE_INFOPLIST_FILE = YES;
				MACOSX_DEPLOYMENT_TARGET = 26.2;
				MARKETING_VERSION = 0.2.0;
				PRODUCT_BUNDLE_IDENTIFIER = com.bivre.ccuiTests;
				PRODUCT_NAME = "$(TARGET_NAME)";
				STRING_CATALOG_GENERATE_SYMBOLS = NO;
				SWIFT_APPROACHABLE_CONCURRENCY = YES;
				SWIFT_EMIT_LOC_STRINGS = NO;
				SWIFT_UPCOMING_FEATURE_MEMBER_IMPORT_VISIBILITY = YES;
				SWIFT_VERSION = 5.0;
				TEST_HOST = "$(BUILT_PRODUCTS_DIR)/ccui.app/$(BUNDLE_EXECUTABLE_FOLDER_PATH)/ccui";
			};
			name = Debug;
		};
		98DB29602F848910009FA245 /* Release */ = {
			isa = XCBuildConfiguration;
			buildSettings = {
				BUNDLE_LOADER = "$(TEST_HOST)";
				CODE_SIGN_STYLE = Automatic;
				CURRENT_PROJECT_VERSION = 1;
				DEVELOPMENT_TEAM = PS98BD6732;
				GENERATE_INFOPLIST_FILE = YES;
				MACOSX_DEPLOYMENT_TARGET = 26.2;
				MARKETING_VERSION = 0.2.0;
				PRODUCT_BUNDLE_IDENTIFIER = com.bivre.ccuiTests;
				PRODUCT_NAME = "$(TARGET_NAME)";
				STRING_CATALOG_GENERATE_SYMBOLS = NO;
				SWIFT_APPROACHABLE_CONCURRENCY = YES;
				SWIFT_EMIT_LOC_STRINGS = NO;
				SWIFT_UPCOMING_FEATURE_MEMBER_IMPORT_VISIBILITY = YES;
				SWIFT_VERSION = 5.0;
				TEST_HOST = "$(BUILT_PRODUCTS_DIR)/ccui.app/$(BUNDLE_EXECUTABLE_FOLDER_PATH)/ccui";
			};
			name = Release;
		};
		98DB29622F848910009FA245 /* Debug */ = {
			isa = XCBuildConfiguration;
			buildSettings = {
				CODE_SIGN_STYLE = Automatic;
				CURRENT_PROJECT_VERSION = 1;
				DEVELOPMENT_TEAM = PS98BD6732;
				GENERATE_INFOPLIST_FILE = YES;
				MARKETING_VERSION = 0.2.0;
				PRODUCT_BUNDLE_IDENTIFIER = com.bivre.ccuiUITests;
				PRODUCT_NAME = "$(TARGET_NAME)";
				STRING_CATALOG_GENERATE_SYMBOLS = NO;
				SWIFT_APPROACHABLE_CONCURRENCY = YES;
				SWIFT_EMIT_LOC_STRINGS = NO;
				SWIFT_UPCOMING_FEATURE_MEMBER_IMPORT_VISIBILITY = YES;
				SWIFT_VERSION = 5.0;
				TEST_TARGET_NAME = ccui;
			};
			name = Debug;
		};
		98DB29632F848910009FA245 /* Release */ = {
			isa = XCBuildConfiguration;
			buildSettings = {
				CODE_SIGN_STYLE = Automatic;
				CURRENT_PROJECT_VERSION = 1;
				DEVELOPMENT_TEAM = PS98BD6732;
				GENERATE_INFOPLIST_FILE = YES;
				MARKETING_VERSION = 0.2.0;
				PRODUCT_BUNDLE_IDENTIFIER = com.bivre.ccuiUITests;
				PRODUCT_NAME = "$(TARGET_NAME)";
				STRING_CATALOG_GENERATE_SYMBOLS = NO;
				SWIFT_APPROACHABLE_CONCURRENCY = YES;
				SWIFT_EMIT_LOC_STRINGS = NO;
				SWIFT_UPCOMING_FEATURE_MEMBER_IMPORT_VISIBILITY = YES;
				SWIFT_VERSION = 5.0;
				TEST_TARGET_NAME = ccui;
			};
			name = Release;
		};
/* End XCBuildConfiguration section */

/* Begin XCConfigurationList section */
		98DB29352F84890F009FA245 /* Build configuration list for PBXProject "ccui" */ = {
			isa = XCConfigurationList;
			buildConfigurations = (
				98DB29592F848910009FA245 /* Debug */,
				98DB295A2F848910009FA245 /* Release */,
			);
			defaultConfigurationIsVisible = 0;
			defaultConfigurationName = Release;
		};
		98DB295B2F848910009FA245 /* Build configuration list for PBXNativeTarget "ccui" */ = {
			isa = XCConfigurationList;
			buildConfigurations = (
				98DB295C2F848910009FA245 /* Debug */,
				98DB295D2F848910009FA245 /* Release */,
			);
			defaultConfigurationIsVisible = 0;
			defaultConfigurationName = Release;
		};
		98DB295E2F848910009FA245 /* Build configuration list for PBXNativeTarget "ccuiTests" */ = {
			isa = XCConfigurationList;
			buildConfigurations = (
				98DB295F2F848910009FA245 /* Debug */,
				98DB29602F848910009FA245 /* Release */,
			);
			defaultConfigurationIsVisible = 0;
			defaultConfigurationName = Release;
		};
		98DB29612F848910009FA245 /* Build configuration list for PBXNativeTarget "ccuiUITests" */ = {
			isa = XCConfigurationList;
			buildConfigurations = (
				98DB29622F848910009FA245 /* Debug */,
				98DB29632F848910009FA245 /* Release */,
			);
			defaultConfigurationIsVisible = 0;
			defaultConfigurationName = Release;
		};
/* End XCConfigurationList section */

/* Begin XCRemoteSwiftPackageReference section */
		CC000001000000000000000A /* XCRemoteSwiftPackageReference "SwiftTerm" */ = {
			isa = XCRemoteSwiftPackageReference;
			repositoryURL = "https://github.com/migueldeicaza/SwiftTerm.git";
			requirement = {
				kind = upToNextMajorVersion;
				minimumVersion = 1.2.0;
			};
		};
		CC000003000000000000000C /* XCRemoteSwiftPackageReference "CodeEditSourceEditor" */ = {
			isa = XCRemoteSwiftPackageReference;
			repositoryURL = "https://github.com/CodeEditApp/CodeEditSourceEditor.git";
			requirement = {
				kind = upToNextMinorVersion;
				minimumVersion = 0.15.2;
			};
		};
		CC000006000000000000000F /* XCRemoteSwiftPackageReference "CodeEditLanguages" */ = {
			isa = XCRemoteSwiftPackageReference;
			repositoryURL = "https://github.com/CodeEditApp/CodeEditLanguages.git";
			requirement = {
				kind = upToNextMinorVersion;
				minimumVersion = 0.1.20;
			};
		};
		CC0000070000000000000010 /* XCRemoteSwiftPackageReference "Sparkle" */ = {
			isa = XCRemoteSwiftPackageReference;
			repositoryURL = "https://github.com/sparkle-project/Sparkle";
			requirement = {
				kind = upToNextMajorVersion;
				minimumVersion = 2.6.0;
			};
		};
/* End XCRemoteSwiftPackageReference section */

/* Begin XCSwiftPackageProductDependency section */
		CC000002000000000000000B /* SwiftTerm */ = {
			isa = XCSwiftPackageProductDependency;
			package = CC000001000000000000000A /* XCRemoteSwiftPackageReference "SwiftTerm" */;
			productName = SwiftTerm;
		};
		CC000004000000000000000D /* CodeEditSourceEditor */ = {
			isa = XCSwiftPackageProductDependency;
			package = CC000003000000000000000C /* XCRemoteSwiftPackageReference "CodeEditSourceEditor" */;
			productName = CodeEditSourceEditor;
		};
		CC000005000000000000000E /* CodeEditLanguages */ = {
			isa = XCSwiftPackageProductDependency;
			package = CC000006000000000000000F /* XCRemoteSwiftPackageReference "CodeEditLanguages" */;
			productName = CodeEditLanguages;
		};
		CC0000080000000000000011 /* Sparkle */ = {
			isa = XCSwiftPackageProductDependency;
			package = CC0000070000000000000010 /* XCRemoteSwiftPackageReference "Sparkle" */;
			productName = Sparkle;
		};
/* End XCSwiftPackageProductDependency section */
	};
	rootObject = 98DB29322F84890F009FA245 /* Project object */;
}
