{
  "originHash" : "6fa1710c1afe27b3372a0986c02bdb9ff6f075508b0f8ff3ba1a325e827449a1",
  "pins" : [
    {
      "identity" : "codeeditlanguages",
      "kind" : "remoteSourceControl",
      "location" : "https://github.com/CodeEditApp/CodeEditLanguages.git",
      "state" : {
        "revision" : "331d5dbc5fc8513be5848fce8a2a312908f36a11",
        "version" : "0.1.20"
      }
    },
    {
      "identity" : "codeeditsourceeditor",
      "kind" : "remoteSourceControl",
      "location" : "https://github.com/CodeEditApp/CodeEditSourceEditor.git",
      "state" : {
        "revision" : "424453d2232c9912933a3b5a1f3d3df669404ed0",
        "version" : "0.15.2"
      }
    },
    {
      "identity" : "codeeditsymbols",
      "kind" : "remoteSourceControl",
      "location" : "https://github.com/CodeEditApp/CodeEditSymbols.git",
      "state" : {
        "revision" : "ae69712b08571c4469c2ed5cd38ad9f19439793e",
        "version" : "0.2.3"
      }
    },
    {
      "identity" : "codeedittextview",
      "kind" : "remoteSourceControl",
      "location" : "https://github.com/CodeEditApp/CodeEditTextView.git",
      "state" : {
        "revision" : "d7ac3f11f22ec2e820187acce8f3a3fb7aa8ddec",
        "version" : "0.12.1"
      }
    },
    {
      "identity" : "rearrange",
      "kind" : "remoteSourceControl",
      "location" : "https://github.com/ChimeHQ/Rearrange",
      "state" : {
        "revision" : "f1d74e1642956f0300756ad8d1d64e9034857bc3",
        "version" : "2.0.0"
      }
    },
    {
      "identity" : "swift-argument-parser",
      "kind" : "remoteSourceControl",
      "location" : "https://github.com/apple/swift-argument-parser",
      "state" : {
        "revision" : "626b5b7b2f45e1b0b1c6f4a309296d1d21d7311b",
        "version" : "1.7.1"
      }
    },
    {
      "identity" : "swift-collections",
      "kind" : "remoteSourceControl",
      "location" : "https://github.com/apple/swift-collections.git",
      "state" : {
        "revision" : "6675bc0ff86e61436e615df6fc5174e043e57924",
        "version" : "1.4.1"
      }
    },
    {
      "identity" : "swiftlintplugin",
      "kind" : "remoteSourceControl",
      "location" : "https://github.com/lukepistrol/SwiftLintPlugin",
      "state" : {
        "revision" : "a3877065a7d72ee40e1fa64e13b9e33e846c667c",
        "version" : "0.63.1"
      }
    },
    {
      "identity" : "swiftterm",
      "kind" : "remoteSourceControl",
      "location" : "https://github.com/migueldeicaza/SwiftTerm.git",
      "state" : {
        "revision" : "8e7a1e154f470e19c709a00a8768df348ba5fc43",
        "version" : "1.13.0"
      }
    },
    {
      "identity" : "swifttreesitter",
      "kind" : "remoteSourceControl",
      "location" : "https://github.com/ChimeHQ/SwiftTreeSitter.git",
      "state" : {
        "revision" : "08ef81eb8620617b55b08868126707ad72bf754f",
        "version" : "0.25.0"
      }
    },
    {
      "identity" : "textformation",
      "kind" : "remoteSourceControl",
      "location" : "https://github.com/ChimeHQ/TextFormation",
      "state" : {
        "revision" : "b1ce9a14bd86042bba4de62236028dc4ce9db6a1",
        "version" : "0.9.0"
      }
    },
    {
      "identity" : "textstory",
      "kind" : "remoteSourceControl",
      "location" : "https://github.com/ChimeHQ/TextStory",
      "state" : {
        "revision" : "91df6fc9bd817f9712331a4a3e826f7bdc823e1d",
        "version" : "0.9.1"
      }
    },
    {
      "identity" : "tree-sitter",
      "kind" : "remoteSourceControl",
      "location" : "https://github.com/tree-sitter/tree-sitter",
      "state" : {
        "revision" : "da6fe9beb4f7f67beb75914ca8e0d48ae48d6406",
        "version" : "0.25.10"
      }
    }
  ],
  "version" : 3
}
